
Microsoft Visual Studio Solution File, Format Version 12.00
# Visual Studio Version 16
VisualStudioVersion = 16.0.31424.327
MinimumVisualStudioVersion = 10.0.40219.1
Project("{FAE04EC0-301F-11D3-BF4B-00C04F79EFBC}") = "premier-program", "premier-program\premier-program.csproj", "{5977DECB-3FBA-483B-9007-3B8119410453}"
EndProject
Global
	GlobalSection(SolutionConfigurationPlatforms) = preSolution
		Debug|Any CPU = Debug|Any CPU
		Release|Any CPU = Release|Any CPU
	EndGlobalSection
	GlobalSection(ProjectConfigurationPlatforms) = postSolution
		{5977DECB-3FBA-483B-9007-3B8119410453}.Debug|Any CPU.ActiveCfg = Debug|Any CPU
		{5977DECB-3FBA-483B-9007-3B8119410453}.Debug|Any CPU.Build.0 = Debug|Any CPU
		{5977DECB-3FBA-483B-9007-3B8119410453}.Release|Any CPU.ActiveCfg = Release|Any CPU
		{5977DECB-3FBA-483B-9007-3B8119410453}.Release|Any CPU.Build.0 = Release|Any CPU
	EndGlobalSection
	GlobalSection(SolutionProperties) = preSolution
		HideSolutionNode = FALSE
	EndGlobalSection
	GlobalSection(ExtensibilityGlobals) = postSolution
		SolutionGuid = {10ADB0D7-932C-42E6-80B2-6B00DAA5AEBA}
	EndGlobalSection
EndGlobal
